
Microsoft Visual Studio Solution File, Format Version 12.00
# Visual Studio Version 16
VisualStudioVersion = 16.0.29209.62
MinimumVisualStudioVersion = 10.0.40219.1
Project("{FAE04EC0-301F-11D3-BF4B-00C04F79EFBC}") = "Log IO drill", "Log IO drill.csproj", "{2FC9BC00-F659-476A-AA99-3EC5B0D254B1}"
EndProject
Global
	GlobalSection(SolutionConfigurationPlatforms) = preSolution
		Debug|Any CPU = Debug|Any CPU
		Release|Any CPU = Release|Any CPU
	EndGlobalSection
	GlobalSection(ProjectConfigurationPlatforms) = postSolution
		{2FC9BC00-F659-476A-AA99-3EC5B0D254B1}.Debug|Any CPU.ActiveCfg = Debug|Any CPU
		{2FC9BC00-F659-476A-AA99-3EC5B0D254B1}.Debug|Any CPU.Build.0 = Debug|Any CPU
		{2FC9BC00-F659-476A-AA99-3EC5B0D254B1}.Release|Any CPU.ActiveCfg = Release|Any CPU
		{2FC9BC00-F659-476A-AA99-3EC5B0D254B1}.Release|Any CPU.Build.0 = Release|Any CPU
	EndGlobalSection
	GlobalSection(SolutionProperties) = preSolution
		HideSolutionNode = FALSE
	EndGlobalSection
	GlobalSection(ExtensibilityGlobals) = postSolution
		SolutionGuid = {C89B8B54-A1FE-484F-89DB-D7E771C36863}
	EndGlobalSection
EndGlobal
