
Microsoft Visual Studio Solution File, Format Version 12.00
# Visual Studio Version 16
VisualStudioVersion = 16.0.29025.244
MinimumVisualStudioVersion = 10.0.40219.1
Project("{FAE04EC0-301F-11D3-BF4B-00C04F79EFBC}") = "Method Drill", "Method Drill.csproj", "{81167F6C-2820-49AD-B1AE-F82329513D25}"
EndProject
Global
	GlobalSection(SolutionConfigurationPlatforms) = preSolution
		Debug|Any CPU = Debug|Any CPU
		Release|Any CPU = Release|Any CPU
	EndGlobalSection
	GlobalSection(ProjectConfigurationPlatforms) = postSolution
		{81167F6C-2820-49AD-B1AE-F82329513D25}.Debug|Any CPU.ActiveCfg = Debug|Any CPU
		{81167F6C-2820-49AD-B1AE-F82329513D25}.Debug|Any CPU.Build.0 = Debug|Any CPU
		{81167F6C-2820-49AD-B1AE-F82329513D25}.Release|Any CPU.ActiveCfg = Release|Any CPU
		{81167F6C-2820-49AD-B1AE-F82329513D25}.Release|Any CPU.Build.0 = Release|Any CPU
	EndGlobalSection
	GlobalSection(SolutionProperties) = preSolution
		HideSolutionNode = FALSE
	EndGlobalSection
	GlobalSection(ExtensibilityGlobals) = postSolution
		SolutionGuid = {FEB7A685-A94E-4385-A966-E0AAC6C22EE3}
	EndGlobalSection
EndGlobal
