
Microsoft Visual Studio Solution File, Format Version 12.00
# Visual Studio Version 16
VisualStudioVersion = 16.0.29025.244
MinimumVisualStudioVersion = 10.0.40219.1
Project("{FAE04EC0-301F-11D3-BF4B-00C04F79EFBC}") = "Do While drill", "Do While drill.csproj", "{0F68BA2A-112C-4067-91CC-8AF07EC51B20}"
EndProject
Global
	GlobalSection(SolutionConfigurationPlatforms) = preSolution
		Debug|Any CPU = Debug|Any CPU
		Release|Any CPU = Release|Any CPU
	EndGlobalSection
	GlobalSection(ProjectConfigurationPlatforms) = postSolution
		{0F68BA2A-112C-4067-91CC-8AF07EC51B20}.Debug|Any CPU.ActiveCfg = Debug|Any CPU
		{0F68BA2A-112C-4067-91CC-8AF07EC51B20}.Debug|Any CPU.Build.0 = Debug|Any CPU
		{0F68BA2A-112C-4067-91CC-8AF07EC51B20}.Release|Any CPU.ActiveCfg = Release|Any CPU
		{0F68BA2A-112C-4067-91CC-8AF07EC51B20}.Release|Any CPU.Build.0 = Release|Any CPU
	EndGlobalSection
	GlobalSection(SolutionProperties) = preSolution
		HideSolutionNode = FALSE
	EndGlobalSection
	GlobalSection(ExtensibilityGlobals) = postSolution
		SolutionGuid = {61011219-A073-455C-9153-ECEF7A7197F1}
	EndGlobalSection
EndGlobal
