
Microsoft Visual Studio Solution File, Format Version 12.00
# Visual Studio Version 16
VisualStudioVersion = 16.0.29209.62
MinimumVisualStudioVersion = 10.0.40219.1
Project("{FAE04EC0-301F-11D3-BF4B-00C04F79EFBC}") = "Car Insurance Drill", "Car Insurance Drill.csproj", "{6C0D1866-77B1-4DEA-9596-D04E381295FE}"
EndProject
Global
	GlobalSection(SolutionConfigurationPlatforms) = preSolution
		Debug|Any CPU = Debug|Any CPU
		Release|Any CPU = Release|Any CPU
	EndGlobalSection
	GlobalSection(ProjectConfigurationPlatforms) = postSolution
		{6C0D1866-77B1-4DEA-9596-D04E381295FE}.Debug|Any CPU.ActiveCfg = Debug|Any CPU
		{6C0D1866-77B1-4DEA-9596-D04E381295FE}.Debug|Any CPU.Build.0 = Debug|Any CPU
		{6C0D1866-77B1-4DEA-9596-D04E381295FE}.Release|Any CPU.ActiveCfg = Release|Any CPU
		{6C0D1866-77B1-4DEA-9596-D04E381295FE}.Release|Any CPU.Build.0 = Release|Any CPU
	EndGlobalSection
	GlobalSection(SolutionProperties) = preSolution
		HideSolutionNode = FALSE
	EndGlobalSection
	GlobalSection(ExtensibilityGlobals) = postSolution
		SolutionGuid = {FBC9642E-858B-4C11-9774-75B4DBE8DB6A}
	EndGlobalSection
EndGlobal
