
Microsoft Visual Studio Solution File, Format Version 12.00
# Visual Studio Version 16
VisualStudioVersion = 16.0.29025.244
MinimumVisualStudioVersion = 10.0.40219.1
Project("{FAE04EC0-301F-11D3-BF4B-00C04F79EFBC}") = "Iteration Drill", "Iteration Drill.csproj", "{01D9627C-1A18-41B2-A119-D116A829250F}"
EndProject
Global
	GlobalSection(SolutionConfigurationPlatforms) = preSolution
		Debug|Any CPU = Debug|Any CPU
		Release|Any CPU = Release|Any CPU
	EndGlobalSection
	GlobalSection(ProjectConfigurationPlatforms) = postSolution
		{01D9627C-1A18-41B2-A119-D116A829250F}.Debug|Any CPU.ActiveCfg = Debug|Any CPU
		{01D9627C-1A18-41B2-A119-D116A829250F}.Debug|Any CPU.Build.0 = Debug|Any CPU
		{01D9627C-1A18-41B2-A119-D116A829250F}.Release|Any CPU.ActiveCfg = Release|Any CPU
		{01D9627C-1A18-41B2-A119-D116A829250F}.Release|Any CPU.Build.0 = Release|Any CPU
	EndGlobalSection
	GlobalSection(SolutionProperties) = preSolution
		HideSolutionNode = FALSE
	EndGlobalSection
	GlobalSection(ExtensibilityGlobals) = postSolution
		SolutionGuid = {2A69A855-7D65-4CDB-A309-7FF74B151CAC}
	EndGlobalSection
EndGlobal
