
Microsoft Visual Studio Solution File, Format Version 12.00
# Visual Studio Version 16
VisualStudioVersion = 16.0.29230.47
MinimumVisualStudioVersion = 10.0.40219.1
Project("{FAE04EC0-301F-11D3-BF4B-00C04F79EFBC}") = "Knockout Test", "Knockout Test.csproj", "{9563DD05-E7FF-448F-B5F2-93DF1A2E64E3}"
EndProject
Global
	GlobalSection(SolutionConfigurationPlatforms) = preSolution
		Debug|Any CPU = Debug|Any CPU
		Release|Any CPU = Release|Any CPU
	EndGlobalSection
	GlobalSection(ProjectConfigurationPlatforms) = postSolution
		{9563DD05-E7FF-448F-B5F2-93DF1A2E64E3}.Debug|Any CPU.ActiveCfg = Debug|Any CPU
		{9563DD05-E7FF-448F-B5F2-93DF1A2E64E3}.Debug|Any CPU.Build.0 = Debug|Any CPU
		{9563DD05-E7FF-448F-B5F2-93DF1A2E64E3}.Release|Any CPU.ActiveCfg = Release|Any CPU
		{9563DD05-E7FF-448F-B5F2-93DF1A2E64E3}.Release|Any CPU.Build.0 = Release|Any CPU
	EndGlobalSection
	GlobalSection(SolutionProperties) = preSolution
		HideSolutionNode = FALSE
	EndGlobalSection
	GlobalSection(ExtensibilityGlobals) = postSolution
		SolutionGuid = {9598C2A7-CFBE-46EA-8188-89BB3AB7BC9E}
	EndGlobalSection
EndGlobal
