
Microsoft Visual Studio Solution File, Format Version 12.00
# Visual Studio Version 16
VisualStudioVersion = 16.0.29209.62
MinimumVisualStudioVersion = 10.0.40219.1
Project("{FAE04EC0-301F-11D3-BF4B-00C04F79EFBC}") = "Const Var Drill", "Const Var Drill.csproj", "{F5DFBDA5-DB70-4797-B6A1-ABE1E81AFB4F}"
EndProject
Global
	GlobalSection(SolutionConfigurationPlatforms) = preSolution
		Debug|Any CPU = Debug|Any CPU
		Release|Any CPU = Release|Any CPU
	EndGlobalSection
	GlobalSection(ProjectConfigurationPlatforms) = postSolution
		{F5DFBDA5-DB70-4797-B6A1-ABE1E81AFB4F}.Debug|Any CPU.ActiveCfg = Debug|Any CPU
		{F5DFBDA5-DB70-4797-B6A1-ABE1E81AFB4F}.Debug|Any CPU.Build.0 = Debug|Any CPU
		{F5DFBDA5-DB70-4797-B6A1-ABE1E81AFB4F}.Release|Any CPU.ActiveCfg = Release|Any CPU
		{F5DFBDA5-DB70-4797-B6A1-ABE1E81AFB4F}.Release|Any CPU.Build.0 = Release|Any CPU
	EndGlobalSection
	GlobalSection(SolutionProperties) = preSolution
		HideSolutionNode = FALSE
	EndGlobalSection
	GlobalSection(ExtensibilityGlobals) = postSolution
		SolutionGuid = {CA6791E6-FE6B-49C5-823C-CA5580C8B4F1}
	EndGlobalSection
EndGlobal
